
Microsoft Visual Studio Solution File, Format Version 12.00
# Visual Studio Version 17
VisualStudioVersion = 17.8.34322.80
MinimumVisualStudioVersion = 10.0.40219.1
Project("{8BC9CEB8-8B4A-11D0-8D11-00A0C91BC942}") = "wp1", "wp1\wp1.vcxproj", "{4D06FBD0-0127-4628-9690-E88BCBCF29A9}"
EndProject
Project("{8BC9CEB8-8B4A-11D0-8D11-00A0C91BC942}") = "myd1", "myd1\myd1.vcxproj", "{1D03209A-7C2A-4568-B33E-BB2F9840B280}"
EndProject
Project("{C7167F0D-BC9F-4E6E-AFE1-012C56B48DB5}") = "MyMSIX", "MyMSIX\MyMSIX.wapproj", "{52833F21-2ADF-410F-919F-0CDF011ACABB}"
	ProjectSection(ProjectDependencies) = postProject
		{1D03209A-7C2A-4568-B33E-BB2F9840B280} = {1D03209A-7C2A-4568-B33E-BB2F9840B280}
	EndProjectSection
EndProject
Global
	GlobalSection(SolutionConfigurationPlatforms) = preSolution
		Debug|Any CPU = Debug|Any CPU
		Debug|ARM = Debug|ARM
		Debug|ARM64 = Debug|ARM64
		Debug|x64 = Debug|x64
		Debug|x86 = Debug|x86
		Release|Any CPU = Release|Any CPU
		Release|ARM = Release|ARM
		Release|ARM64 = Release|ARM64
		Release|x64 = Release|x64
		Release|x86 = Release|x86
	EndGlobalSection
	GlobalSection(ProjectConfigurationPlatforms) = postSolution
		{4D06FBD0-0127-4628-9690-E88BCBCF29A9}.Debug|Any CPU.ActiveCfg = Debug|x64
		{4D06FBD0-0127-4628-9690-E88BCBCF29A9}.Debug|Any CPU.Build.0 = Debug|x64
		{4D06FBD0-0127-4628-9690-E88BCBCF29A9}.Debug|ARM.ActiveCfg = Debug|x64
		{4D06FBD0-0127-4628-9690-E88BCBCF29A9}.Debug|ARM.Build.0 = Debug|x64
		{4D06FBD0-0127-4628-9690-E88BCBCF29A9}.Debug|ARM64.ActiveCfg = Debug|x64
		{4D06FBD0-0127-4628-9690-E88BCBCF29A9}.Debug|ARM64.Build.0 = Debug|x64
		{4D06FBD0-0127-4628-9690-E88BCBCF29A9}.Debug|x64.ActiveCfg = Debug|x64
		{4D06FBD0-0127-4628-9690-E88BCBCF29A9}.Debug|x64.Build.0 = Debug|x64
		{4D06FBD0-0127-4628-9690-E88BCBCF29A9}.Debug|x86.ActiveCfg = Debug|Win32
		{4D06FBD0-0127-4628-9690-E88BCBCF29A9}.Debug|x86.Build.0 = Debug|Win32
		{4D06FBD0-0127-4628-9690-E88BCBCF29A9}.Release|Any CPU.ActiveCfg = Release|x64
		{4D06FBD0-0127-4628-9690-E88BCBCF29A9}.Release|Any CPU.Build.0 = Release|x64
		{4D06FBD0-0127-4628-9690-E88BCBCF29A9}.Release|ARM.ActiveCfg = Release|x64
		{4D06FBD0-0127-4628-9690-E88BCBCF29A9}.Release|ARM.Build.0 = Release|x64
		{4D06FBD0-0127-4628-9690-E88BCBCF29A9}.Release|ARM64.ActiveCfg = Release|x64
		{4D06FBD0-0127-4628-9690-E88BCBCF29A9}.Release|ARM64.Build.0 = Release|x64
		{4D06FBD0-0127-4628-9690-E88BCBCF29A9}.Release|x64.ActiveCfg = Release|x64
		{4D06FBD0-0127-4628-9690-E88BCBCF29A9}.Release|x64.Build.0 = Release|x64
		{4D06FBD0-0127-4628-9690-E88BCBCF29A9}.Release|x86.ActiveCfg = Release|Win32
		{4D06FBD0-0127-4628-9690-E88BCBCF29A9}.Release|x86.Build.0 = Release|Win32
		{1D03209A-7C2A-4568-B33E-BB2F9840B280}.Debug|Any CPU.ActiveCfg = Debug|x64
		{1D03209A-7C2A-4568-B33E-BB2F9840B280}.Debug|Any CPU.Build.0 = Debug|x64
		{1D03209A-7C2A-4568-B33E-BB2F9840B280}.Debug|ARM.ActiveCfg = Debug|x64
		{1D03209A-7C2A-4568-B33E-BB2F9840B280}.Debug|ARM.Build.0 = Debug|x64
		{1D03209A-7C2A-4568-B33E-BB2F9840B280}.Debug|ARM64.ActiveCfg = Debug|x64
		{1D03209A-7C2A-4568-B33E-BB2F9840B280}.Debug|ARM64.Build.0 = Debug|x64
		{1D03209A-7C2A-4568-B33E-BB2F9840B280}.Debug|x64.ActiveCfg = Debug|x64
		{1D03209A-7C2A-4568-B33E-BB2F9840B280}.Debug|x64.Build.0 = Debug|x64
		{1D03209A-7C2A-4568-B33E-BB2F9840B280}.Debug|x86.ActiveCfg = Debug|Win32
		{1D03209A-7C2A-4568-B33E-BB2F9840B280}.Debug|x86.Build.0 = Debug|Win32
		{1D03209A-7C2A-4568-B33E-BB2F9840B280}.Release|Any CPU.ActiveCfg = Release|x64
		{1D03209A-7C2A-4568-B33E-BB2F9840B280}.Release|Any CPU.Build.0 = Release|x64
		{1D03209A-7C2A-4568-B33E-BB2F9840B280}.Release|ARM.ActiveCfg = Release|x64
		{1D03209A-7C2A-4568-B33E-BB2F9840B280}.Release|ARM.Build.0 = Release|x64
		{1D03209A-7C2A-4568-B33E-BB2F9840B280}.Release|ARM64.ActiveCfg = Release|x64
		{1D03209A-7C2A-4568-B33E-BB2F9840B280}.Release|ARM64.Build.0 = Release|x64
		{1D03209A-7C2A-4568-B33E-BB2F9840B280}.Release|x64.ActiveCfg = Release|x64
		{1D03209A-7C2A-4568-B33E-BB2F9840B280}.Release|x64.Build.0 = Release|x64
		{1D03209A-7C2A-4568-B33E-BB2F9840B280}.Release|x86.ActiveCfg = Release|Win32
		{1D03209A-7C2A-4568-B33E-BB2F9840B280}.Release|x86.Build.0 = Release|Win32
		{52833F21-2ADF-410F-919F-0CDF011ACABB}.Debug|Any CPU.ActiveCfg = Debug|Any CPU
		{52833F21-2ADF-410F-919F-0CDF011ACABB}.Debug|Any CPU.Build.0 = Debug|Any CPU
		{52833F21-2ADF-410F-919F-0CDF011ACABB}.Debug|Any CPU.Deploy.0 = Debug|Any CPU
		{52833F21-2ADF-410F-919F-0CDF011ACABB}.Debug|ARM.ActiveCfg = Debug|ARM
		{52833F21-2ADF-410F-919F-0CDF011ACABB}.Debug|ARM.Build.0 = Debug|ARM
		{52833F21-2ADF-410F-919F-0CDF011ACABB}.Debug|ARM.Deploy.0 = Debug|ARM
		{52833F21-2ADF-410F-919F-0CDF011ACABB}.Debug|ARM64.ActiveCfg = Debug|ARM64
		{52833F21-2ADF-410F-919F-0CDF011ACABB}.Debug|ARM64.Build.0 = Debug|ARM64
		{52833F21-2ADF-410F-919F-0CDF011ACABB}.Debug|ARM64.Deploy.0 = Debug|ARM64
		{52833F21-2ADF-410F-919F-0CDF011ACABB}.Debug|x64.ActiveCfg = Debug|x64
		{52833F21-2ADF-410F-919F-0CDF011ACABB}.Debug|x64.Build.0 = Debug|x64
		{52833F21-2ADF-410F-919F-0CDF011ACABB}.Debug|x64.Deploy.0 = Debug|x64
		{52833F21-2ADF-410F-919F-0CDF011ACABB}.Debug|x86.ActiveCfg = Debug|x86
		{52833F21-2ADF-410F-919F-0CDF011ACABB}.Debug|x86.Build.0 = Debug|x86
		{52833F21-2ADF-410F-919F-0CDF011ACABB}.Debug|x86.Deploy.0 = Debug|x86
		{52833F21-2ADF-410F-919F-0CDF011ACABB}.Release|Any CPU.ActiveCfg = Release|Any CPU
		{52833F21-2ADF-410F-919F-0CDF011ACABB}.Release|Any CPU.Build.0 = Release|Any CPU
		{52833F21-2ADF-410F-919F-0CDF011ACABB}.Release|Any CPU.Deploy.0 = Release|Any CPU
		{52833F21-2ADF-410F-919F-0CDF011ACABB}.Release|ARM.ActiveCfg = Release|ARM
		{52833F21-2ADF-410F-919F-0CDF011ACABB}.Release|ARM.Build.0 = Release|ARM
		{52833F21-2ADF-410F-919F-0CDF011ACABB}.Release|ARM.Deploy.0 = Release|ARM
		{52833F21-2ADF-410F-919F-0CDF011ACABB}.Release|ARM64.ActiveCfg = Release|ARM64
		{52833F21-2ADF-410F-919F-0CDF011ACABB}.Release|ARM64.Build.0 = Release|ARM64
		{52833F21-2ADF-410F-919F-0CDF011ACABB}.Release|ARM64.Deploy.0 = Release|ARM64
		{52833F21-2ADF-410F-919F-0CDF011ACABB}.Release|x64.ActiveCfg = Release|x64
		{52833F21-2ADF-410F-919F-0CDF011ACABB}.Release|x64.Build.0 = Release|x64
		{52833F21-2ADF-410F-919F-0CDF011ACABB}.Release|x64.Deploy.0 = Release|x64
		{52833F21-2ADF-410F-919F-0CDF011ACABB}.Release|x86.ActiveCfg = Release|x86
		{52833F21-2ADF-410F-919F-0CDF011ACABB}.Release|x86.Build.0 = Release|x86
		{52833F21-2ADF-410F-919F-0CDF011ACABB}.Release|x86.Deploy.0 = Release|x86
	EndGlobalSection
	GlobalSection(SolutionProperties) = preSolution
		HideSolutionNode = FALSE
	EndGlobalSection
	GlobalSection(ExtensibilityGlobals) = postSolution
		SolutionGuid = {17893912-58C2-4669-B917-9AC2E65D4AA2}
	EndGlobalSection
EndGlobal
